
Microsoft Visual Studio Solution File, Format Version 12.00
# Visual Studio 15
VisualStudioVersion = 15.0.26430.14
MinimumVisualStudioVersion = 10.0.40219.1
Project("{FAE04EC0-301F-11D3-BF4B-00C04F79EFBC}") = "TizenApp", "TizenApp\TizenApp\TizenApp.csproj", "{199FCAEF-2239-4BFD-9E44-D162AAC8627B}"
EndProject
Project("{FAE04EC0-301F-11D3-BF4B-00C04F79EFBC}") = "TizenApp.TizenTV", "TizenApp\TizenApp.TizenTV\TizenApp.TizenTV.csproj", "{D763D095-FD62-47EB-A8D6-3FC1EF9114FB}"
EndProject
Project("{FAE04EC0-301F-11D3-BF4B-00C04F79EFBC}") = "TizenApp.TizenMobile", "TizenApp\TizenApp.TizenMobile\TizenApp.TizenMobile.csproj", "{CB5EF2D8-D9D7-418F-BD57-A63948AE6EC5}"
EndProject
Global
	GlobalSection(SolutionConfigurationPlatforms) = preSolution
		Debug|Any CPU = Debug|Any CPU
		Release|Any CPU = Release|Any CPU
	EndGlobalSection
	GlobalSection(ProjectConfigurationPlatforms) = postSolution
		{199FCAEF-2239-4BFD-9E44-D162AAC8627B}.Debug|Any CPU.ActiveCfg = Debug|Any CPU
		{199FCAEF-2239-4BFD-9E44-D162AAC8627B}.Debug|Any CPU.Build.0 = Debug|Any CPU
		{199FCAEF-2239-4BFD-9E44-D162AAC8627B}.Release|Any CPU.ActiveCfg = Release|Any CPU
		{199FCAEF-2239-4BFD-9E44-D162AAC8627B}.Release|Any CPU.Build.0 = Release|Any CPU
		{D763D095-FD62-47EB-A8D6-3FC1EF9114FB}.Debug|Any CPU.ActiveCfg = Debug|Any CPU
		{D763D095-FD62-47EB-A8D6-3FC1EF9114FB}.Debug|Any CPU.Build.0 = Debug|Any CPU
		{D763D095-FD62-47EB-A8D6-3FC1EF9114FB}.Release|Any CPU.ActiveCfg = Release|Any CPU
		{D763D095-FD62-47EB-A8D6-3FC1EF9114FB}.Release|Any CPU.Build.0 = Release|Any CPU
		{CB5EF2D8-D9D7-418F-BD57-A63948AE6EC5}.Debug|Any CPU.ActiveCfg = Debug|Any CPU
		{CB5EF2D8-D9D7-418F-BD57-A63948AE6EC5}.Debug|Any CPU.Build.0 = Debug|Any CPU
		{CB5EF2D8-D9D7-418F-BD57-A63948AE6EC5}.Release|Any CPU.ActiveCfg = Release|Any CPU
		{CB5EF2D8-D9D7-418F-BD57-A63948AE6EC5}.Release|Any CPU.Build.0 = Release|Any CPU
	EndGlobalSection
	GlobalSection(SolutionProperties) = preSolution
		HideSolutionNode = FALSE
	EndGlobalSection
EndGlobal
